{
  "name": "a5base",
  "lockfileVersion": 3,
  "requires": true,
  "packages": {
    "": {
      "dependencies": {
        "@turf/bbox": "^7.2.0",
        "@turf/helpers": "^7.2.0",
        "csv-string": "^4.1.1",
        "geojson-validation": "^1.0.2",
        "postgres-interval": "^4.0.2",
        "promise-fs": "^2.1.1",
        "wicket": "^1.3.8",
        "yaml": "^2.8.1"
      },
      "devDependencies": {
        "@types/geojson-validation": "^1.0.3",
        "@types/promise-fs": "^2.1.5"
      }
    },
    "node_modules/@octetstream/promisify": {
      "version": "2.0.2",
      "resolved": "https://registry.npmjs.org/@octetstream/promisify/-/promisify-2.0.2.tgz",
      "integrity": "sha512-7XHoRB61hxsz8lBQrjC1tq/3OEIgpvGWg6DKAdwi7WRzruwkmsdwmOoUXbU4Dtd4RSOMDwed0SkP3y8UlMt1Bg==",
      "license": "MIT",
      "engines": {
        "node": "6.x || >=8.x"
      }
    },
    "node_modules/@turf/bbox": {
      "version": "7.2.0",
      "resolved": "https://registry.npmjs.org/@turf/bbox/-/bbox-7.2.0.tgz",
      "integrity": "sha512-wzHEjCXlYZiDludDbXkpBSmv8Zu6tPGLmJ1sXQ6qDwpLE1Ew3mcWqt8AaxfTP5QwDNQa3sf2vvgTEzNbPQkCiA==",
      "license": "MIT",
      "dependencies": {
        "@turf/helpers": "^7.2.0",
        "@turf/meta": "^7.2.0",
        "@types/geojson": "^7946.0.10",
        "tslib": "^2.8.1"
      },
      "funding": {
        "url": "https://opencollective.com/turf"
      }
    },
    "node_modules/@turf/helpers": {
      "version": "7.2.0",
      "resolved": "https://registry.npmjs.org/@turf/helpers/-/helpers-7.2.0.tgz",
      "integrity": "sha512-cXo7bKNZoa7aC7ydLmUR02oB3IgDe7MxiPuRz3cCtYQHn+BJ6h1tihmamYDWWUlPHgSNF0i3ATc4WmDECZafKw==",
      "license": "MIT",
      "dependencies": {
        "@types/geojson": "^7946.0.10",
        "tslib": "^2.8.1"
      },
      "funding": {
        "url": "https://opencollective.com/turf"
      }
    },
    "node_modules/@turf/meta": {
      "version": "7.2.0",
      "resolved": "https://registry.npmjs.org/@turf/meta/-/meta-7.2.0.tgz",
      "integrity": "sha512-igzTdHsQc8TV1RhPuOLVo74Px/hyPrVgVOTgjWQZzt3J9BVseCdpfY/0cJBdlSRI4S/yTmmHl7gAqjhpYH5Yaw==",
      "license": "MIT",
      "dependencies": {
        "@turf/helpers": "^7.2.0",
        "@types/geojson": "^7946.0.10"
      },
      "funding": {
        "url": "https://opencollective.com/turf"
      }
    },
    "node_modules/@types/geojson": {
      "version": "7946.0.16",
      "resolved": "https://registry.npmjs.org/@types/geojson/-/geojson-7946.0.16.tgz",
      "integrity": "sha512-6C8nqWur3j98U6+lXDfTUWIfgvZU+EumvpHKcYjujKH7woYyLj2sUmff0tRhrqM7BohUw7Pz3ZB1jj2gW9Fvmg==",
      "license": "MIT"
    },
    "node_modules/@types/geojson-validation": {
      "version": "1.0.3",
      "resolved": "https://registry.npmjs.org/@types/geojson-validation/-/geojson-validation-1.0.3.tgz",
      "integrity": "sha512-S+Ka75g23eK33jblC6u3Tc7GKrBfo0VuHhydPw9WdWRib7sGPAubUbNiUkdTrX9dl5F18/iD8ERzH31AYLFiKg==",
      "dev": true,
      "license": "MIT"
    },
    "node_modules/@types/node": {
      "version": "24.5.2",
      "resolved": "https://registry.npmjs.org/@types/node/-/node-24.5.2.tgz",
      "integrity": "sha512-FYxk1I7wPv3K2XBaoyH2cTnocQEu8AOZ60hPbsyukMPLv5/5qr7V1i8PLHdl6Zf87I+xZXFvPCXYjiTFq+YSDQ==",
      "dev": true,
      "license": "MIT",
      "dependencies": {
        "undici-types": "~7.12.0"
      }
    },
    "node_modules/@types/promise-fs": {
      "version": "2.1.5",
      "resolved": "https://registry.npmjs.org/@types/promise-fs/-/promise-fs-2.1.5.tgz",
      "integrity": "sha512-C8bi4Xh6HlixkGspIDaX/zFA+r1+UHUuXYJCCqi6oBlVjxF870kPv38aJlSRo0u1j+2YBi0PLP7PGMZIBbCQ6Q==",
      "dev": true,
      "license": "MIT",
      "dependencies": {
        "@types/node": "*"
      }
    },
    "node_modules/csv-string": {
      "version": "4.1.1",
      "resolved": "https://registry.npmjs.org/csv-string/-/csv-string-4.1.1.tgz",
      "integrity": "sha512-KGvaJEZEdh2O/EVvczwbPLqJZtSQaWQ4cEJbiOJEG4ALq+dBBqNmBkRXTF4NV79V25+XYtiqbco1IWrmHLm5FQ==",
      "license": "MIT",
      "engines": {
        "node": ">=12.0"
      }
    },
    "node_modules/geojson-validation": {
      "version": "1.0.2",
      "resolved": "https://registry.npmjs.org/geojson-validation/-/geojson-validation-1.0.2.tgz",
      "integrity": "sha512-K5jrJ4wFvORn2pRKeg181LL0QPYuEKn2KHPvfH1m2QtFlAXFLKdseqt0XwBM3ELOY7kNM1fglRQ6ZwUQZ5S00A==",
      "license": "LGPL-3",
      "bin": {
        "gjv": "bin/gjv"
      }
    },
    "node_modules/postgres-interval": {
      "version": "4.0.2",
      "resolved": "https://registry.npmjs.org/postgres-interval/-/postgres-interval-4.0.2.tgz",
      "integrity": "sha512-EMsphSQ1YkQqKZL2cuG0zHkmjCCzQqQ71l2GXITqRwjhRleCdv00bDk/ktaSi0LnlaPzAc3535KTrjXsTdtx7A==",
      "license": "MIT",
      "engines": {
        "node": ">=12"
      }
    },
    "node_modules/promise-fs": {
      "version": "2.1.1",
      "resolved": "https://registry.npmjs.org/promise-fs/-/promise-fs-2.1.1.tgz",
      "integrity": "sha512-43p7e4QzAQ3w6eyN0+gbBL7jXiZFWLWYITg9wIObqkBySu/a5K1EDcQ/S6UyB/bmiZWDA4NjTbcopKLTaKcGSw==",
      "license": "MIT",
      "dependencies": {
        "@octetstream/promisify": "2.0.2"
      },
      "engines": {
        "node": ">=6"
      }
    },
    "node_modules/tslib": {
      "version": "2.8.1",
      "resolved": "https://registry.npmjs.org/tslib/-/tslib-2.8.1.tgz",
      "integrity": "sha512-oJFu94HQb+KVduSUQL7wnpmqnfmLsOA/nAh6b6EH0wCEoK0/mPeXU6c3wKDV83MkOuHPRHtSXKKU99IBazS/2w==",
      "license": "0BSD"
    },
    "node_modules/undici-types": {
      "version": "7.12.0",
      "resolved": "https://registry.npmjs.org/undici-types/-/undici-types-7.12.0.tgz",
      "integrity": "sha512-goOacqME2GYyOZZfb5Lgtu+1IDmAlAEu5xnD3+xTzS10hT0vzpf0SPjkXwAw9Jm+4n/mQGDP3LO8CPbYROeBfQ==",
      "dev": true,
      "license": "MIT"
    },
    "node_modules/wicket": {
      "version": "1.3.8",
      "resolved": "https://registry.npmjs.org/wicket/-/wicket-1.3.8.tgz",
      "integrity": "sha512-+UZsrBvp8OI+8PhStpXQw0oJedaCLncZwu7lPdcZ9BpUsyu25rztzHG+IwXGK372nuDGp+Wy4FreM/rzdWYJAg==",
      "license": "GPL-3.0"
    },
    "node_modules/yaml": {
      "version": "2.8.1",
      "resolved": "https://registry.npmjs.org/yaml/-/yaml-2.8.1.tgz",
      "integrity": "sha512-lcYcMxX2PO9XMGvAJkJ3OsNMw+/7FKes7/hgerGUYWIoWu5j/+YQqcZr5JnPZWzOsEBgMbSbiSTn/dv/69Mkpw==",
      "license": "ISC",
      "bin": {
        "yaml": "bin.mjs"
      },
      "engines": {
        "node": ">= 14.6"
      }
    }
  }
}
